
Microsoft Visual Studio Solution File, Format Version 12.00
# Visual Studio Version 16
VisualStudioVersion = 16.0.31321.278
MinimumVisualStudioVersion = 10.0.40219.1
Project("{9A19103F-16F7-4668-BE54-9A1E7A4F7556}") = "puc.poc.modulo.associado.webapi", "puc.poc.modulo.associado.webapi\puc.poc.modulo.associado.webapi.csproj", "{B3A1E716-CA89-4338-87FA-75762400FF67}"
EndProject
Project("{9A19103F-16F7-4668-BE54-9A1E7A4F7556}") = "puc.poc.modulo.conveniado.webapi", "puc.poc.modulo.conveniado.webapi\puc.poc.modulo.conveniado.webapi.csproj", "{6E96C5DD-4A3B-42EA-9AEB-82DBDA663592}"
EndProject
Project("{9A19103F-16F7-4668-BE54-9A1E7A4F7556}") = "puc.poc.modulo.associado.hostservice.writemodel", "puc.poc.modulo.associado.hostservice.writemodel\puc.poc.modulo.associado.hostservice.writemodel.csproj", "{CFD0EA7F-9F91-4FB6-A9C8-92466EA10380}"
EndProject
Project("{9A19103F-16F7-4668-BE54-9A1E7A4F7556}") = "puc.poc.modulo.associado.hostservice.readmodel", "puc.poc.modulo.associado.hostservice.readmodel\puc.poc.modulo.associado.hostservice.readmodel.csproj", "{EA6C48D8-C98B-4983-A51D-331079850389}"
EndProject
Project("{2150E333-8FDC-42A3-9474-1A3956D46DE8}") = "modulo.associado", "modulo.associado", "{22334609-34BB-4571-8C42-ACE333EC978F}"
EndProject
Project("{9A19103F-16F7-4668-BE54-9A1E7A4F7556}") = "puc.poc.modulo.cross", "puc.poc.modulo.cross\puc.poc.modulo.cross.csproj", "{9F435F50-8448-40DC-98DA-32643719B5C7}"
EndProject
Project("{9A19103F-16F7-4668-BE54-9A1E7A4F7556}") = "puc.poc.modulo.associado.messages", "puc.poc.modulo.associado.messages\puc.poc.modulo.associado.messages.csproj", "{BA853162-BA5D-4668-90EC-63BA40C3F1F9}"
EndProject
Project("{9A19103F-16F7-4668-BE54-9A1E7A4F7556}") = "puc.poc.modulo.agenda.webapi", "puc.poc.modulo.agenda.webapi\puc.poc.modulo.agenda.webapi.csproj", "{C0A7F3F8-7D8D-4FB8-BE82-0D510659B971}"
EndProject
Project("{2150E333-8FDC-42A3-9474-1A3956D46DE8}") = "modulo.agenda", "modulo.agenda", "{B6F1CF95-978A-40BD-9768-F1F6408824B8}"
EndProject
Project("{2150E333-8FDC-42A3-9474-1A3956D46DE8}") = "modulo.conveniado", "modulo.conveniado", "{E5F80E48-32FF-4589-9C30-0A390514271D}"
EndProject
Project("{9A19103F-16F7-4668-BE54-9A1E7A4F7556}") = "puc.poc.modulo.webapp", "puc.poc.modulo.webapp\puc.poc.modulo.webapp.csproj", "{7BEA2397-4969-4FBD-A46F-04DCDE24834C}"
EndProject
Project("{9A19103F-16F7-4668-BE54-9A1E7A4F7556}") = "puc.poc.modulo.associado.dominio", "puc.poc.modulo.associado.dominio\puc.poc.modulo.associado.dominio.csproj", "{6171BD6D-B1E2-41D1-BF52-0C437A191181}"
EndProject
Project("{9A19103F-16F7-4668-BE54-9A1E7A4F7556}") = "puc.poc.modulo.agenda.hostservice.readmodel", "puc.poc.modulo.agenda.hostservice.readmodel\puc.poc.modulo.agenda.hostservice.readmodel.csproj", "{FF7B4BC9-C5F7-4906-820C-B6649E69CA0B}"
EndProject
Project("{2150E333-8FDC-42A3-9474-1A3956D46DE8}") = "modulo.basedata", "modulo.basedata", "{F2224D90-EE63-419C-A2C4-EADD9794BA73}"
EndProject
Project("{9A19103F-16F7-4668-BE54-9A1E7A4F7556}") = "puc.poc.modulo.basedata", "puc.poc.modulo.basedata\puc.poc.modulo.basedata.csproj", "{DD254DD3-E338-484F-A68A-CFF0A8E18963}"
EndProject
Project("{2150E333-8FDC-42A3-9474-1A3956D46DE8}") = "modulo.servico", "modulo.servico", "{4FFF06FA-F604-4942-BD6A-FF9D09FAEF56}"
EndProject
Project("{9A19103F-16F7-4668-BE54-9A1E7A4F7556}") = "puc.poc.modulo.servico.dominio", "puc.poc.modulo.servico.dominio\puc.poc.modulo.servico.dominio.csproj", "{B620A8E9-5BA6-458D-B892-21F0398FF056}"
EndProject
Project("{9A19103F-16F7-4668-BE54-9A1E7A4F7556}") = "puc.poc.modulo.servico.repositorio.readmodel", "puc.poc.modulo.servico.repositorio.readmodel\puc.poc.modulo.servico.repositorio.readmodel.csproj", "{E80097E3-2DEB-417F-9A41-13B0B1D4C5ED}"
EndProject
Project("{9A19103F-16F7-4668-BE54-9A1E7A4F7556}") = "puc.poc.modulo.servico.webapi", "puc.poc.modulo.servico.webapi\puc.poc.modulo.servico.webapi.csproj", "{54ADA53A-11F3-4EF0-BBDE-5EF4B03A0056}"
EndProject
Project("{9A19103F-16F7-4668-BE54-9A1E7A4F7556}") = "puc.poc.modulo.agenda.hostservice.writemodel", "puc.poc.modulo.agenda.hostservice.writemodel\puc.poc.modulo.agenda.hostservice.writemodel.csproj", "{15566EED-8617-4AA7-857D-99D3350B59AD}"
EndProject
Project("{9A19103F-16F7-4668-BE54-9A1E7A4F7556}") = "puc.poc.modulo.agenda.dominio", "puc.poc.modulo.agenda.dominio\puc.poc.modulo.agenda.dominio.csproj", "{0A4176F9-D7FB-4129-BACD-FF6534D60DE6}"
EndProject
Project("{9A19103F-16F7-4668-BE54-9A1E7A4F7556}") = "puc.poc.modulo.agenda.repositorio.writemodel", "puc.poc.modulo.agenda.repositorio.writemodel\puc.poc.modulo.agenda.repositorio.writemodel.csproj", "{1F2CF453-D564-4180-B1C8-2E573404CF8D}"
EndProject
Project("{FAE04EC0-301F-11D3-BF4B-00C04F79EFBC}") = "puc.poc.modulo.agenda.messages", "puc.poc.modulo.agenda.messages\puc.poc.modulo.agenda.messages.csproj", "{5E030897-500E-4366-9950-392D6BC7D106}"
EndProject
Project("{FAE04EC0-301F-11D3-BF4B-00C04F79EFBC}") = "puc.poc.modulo.agenda.repositorio.readmodel", "puc.poc.modulo.agenda.repositorio.readmodel\puc.poc.modulo.agenda.repositorio.readmodel.csproj", "{94860274-7AFE-4649-A205-B503D6407A79}"
EndProject
Global
	GlobalSection(SolutionConfigurationPlatforms) = preSolution
		Debug|Any CPU = Debug|Any CPU
		Release|Any CPU = Release|Any CPU
	EndGlobalSection
	GlobalSection(ProjectConfigurationPlatforms) = postSolution
		{B3A1E716-CA89-4338-87FA-75762400FF67}.Debug|Any CPU.ActiveCfg = Debug|Any CPU
		{B3A1E716-CA89-4338-87FA-75762400FF67}.Debug|Any CPU.Build.0 = Debug|Any CPU
		{B3A1E716-CA89-4338-87FA-75762400FF67}.Release|Any CPU.ActiveCfg = Release|Any CPU
		{B3A1E716-CA89-4338-87FA-75762400FF67}.Release|Any CPU.Build.0 = Release|Any CPU
		{6E96C5DD-4A3B-42EA-9AEB-82DBDA663592}.Debug|Any CPU.ActiveCfg = Debug|Any CPU
		{6E96C5DD-4A3B-42EA-9AEB-82DBDA663592}.Debug|Any CPU.Build.0 = Debug|Any CPU
		{6E96C5DD-4A3B-42EA-9AEB-82DBDA663592}.Release|Any CPU.ActiveCfg = Release|Any CPU
		{6E96C5DD-4A3B-42EA-9AEB-82DBDA663592}.Release|Any CPU.Build.0 = Release|Any CPU
		{CFD0EA7F-9F91-4FB6-A9C8-92466EA10380}.Debug|Any CPU.ActiveCfg = Debug|Any CPU
		{CFD0EA7F-9F91-4FB6-A9C8-92466EA10380}.Debug|Any CPU.Build.0 = Debug|Any CPU
		{CFD0EA7F-9F91-4FB6-A9C8-92466EA10380}.Release|Any CPU.ActiveCfg = Release|Any CPU
		{CFD0EA7F-9F91-4FB6-A9C8-92466EA10380}.Release|Any CPU.Build.0 = Release|Any CPU
		{EA6C48D8-C98B-4983-A51D-331079850389}.Debug|Any CPU.ActiveCfg = Debug|Any CPU
		{EA6C48D8-C98B-4983-A51D-331079850389}.Debug|Any CPU.Build.0 = Debug|Any CPU
		{EA6C48D8-C98B-4983-A51D-331079850389}.Release|Any CPU.ActiveCfg = Release|Any CPU
		{EA6C48D8-C98B-4983-A51D-331079850389}.Release|Any CPU.Build.0 = Release|Any CPU
		{9F435F50-8448-40DC-98DA-32643719B5C7}.Debug|Any CPU.ActiveCfg = Debug|Any CPU
		{9F435F50-8448-40DC-98DA-32643719B5C7}.Debug|Any CPU.Build.0 = Debug|Any CPU
		{9F435F50-8448-40DC-98DA-32643719B5C7}.Release|Any CPU.ActiveCfg = Release|Any CPU
		{9F435F50-8448-40DC-98DA-32643719B5C7}.Release|Any CPU.Build.0 = Release|Any CPU
		{BA853162-BA5D-4668-90EC-63BA40C3F1F9}.Debug|Any CPU.ActiveCfg = Debug|Any CPU
		{BA853162-BA5D-4668-90EC-63BA40C3F1F9}.Debug|Any CPU.Build.0 = Debug|Any CPU
		{BA853162-BA5D-4668-90EC-63BA40C3F1F9}.Release|Any CPU.ActiveCfg = Release|Any CPU
		{BA853162-BA5D-4668-90EC-63BA40C3F1F9}.Release|Any CPU.Build.0 = Release|Any CPU
		{C0A7F3F8-7D8D-4FB8-BE82-0D510659B971}.Debug|Any CPU.ActiveCfg = Debug|Any CPU
		{C0A7F3F8-7D8D-4FB8-BE82-0D510659B971}.Debug|Any CPU.Build.0 = Debug|Any CPU
		{C0A7F3F8-7D8D-4FB8-BE82-0D510659B971}.Release|Any CPU.ActiveCfg = Release|Any CPU
		{C0A7F3F8-7D8D-4FB8-BE82-0D510659B971}.Release|Any CPU.Build.0 = Release|Any CPU
		{7BEA2397-4969-4FBD-A46F-04DCDE24834C}.Debug|Any CPU.ActiveCfg = Debug|Any CPU
		{7BEA2397-4969-4FBD-A46F-04DCDE24834C}.Debug|Any CPU.Build.0 = Debug|Any CPU
		{7BEA2397-4969-4FBD-A46F-04DCDE24834C}.Release|Any CPU.ActiveCfg = Release|Any CPU
		{7BEA2397-4969-4FBD-A46F-04DCDE24834C}.Release|Any CPU.Build.0 = Release|Any CPU
		{6171BD6D-B1E2-41D1-BF52-0C437A191181}.Debug|Any CPU.ActiveCfg = Debug|Any CPU
		{6171BD6D-B1E2-41D1-BF52-0C437A191181}.Debug|Any CPU.Build.0 = Debug|Any CPU
		{6171BD6D-B1E2-41D1-BF52-0C437A191181}.Release|Any CPU.ActiveCfg = Release|Any CPU
		{6171BD6D-B1E2-41D1-BF52-0C437A191181}.Release|Any CPU.Build.0 = Release|Any CPU
		{FF7B4BC9-C5F7-4906-820C-B6649E69CA0B}.Debug|Any CPU.ActiveCfg = Debug|Any CPU
		{FF7B4BC9-C5F7-4906-820C-B6649E69CA0B}.Debug|Any CPU.Build.0 = Debug|Any CPU
		{FF7B4BC9-C5F7-4906-820C-B6649E69CA0B}.Release|Any CPU.ActiveCfg = Release|Any CPU
		{FF7B4BC9-C5F7-4906-820C-B6649E69CA0B}.Release|Any CPU.Build.0 = Release|Any CPU
		{DD254DD3-E338-484F-A68A-CFF0A8E18963}.Debug|Any CPU.ActiveCfg = Debug|Any CPU
		{DD254DD3-E338-484F-A68A-CFF0A8E18963}.Debug|Any CPU.Build.0 = Debug|Any CPU
		{DD254DD3-E338-484F-A68A-CFF0A8E18963}.Release|Any CPU.ActiveCfg = Release|Any CPU
		{DD254DD3-E338-484F-A68A-CFF0A8E18963}.Release|Any CPU.Build.0 = Release|Any CPU
		{B620A8E9-5BA6-458D-B892-21F0398FF056}.Debug|Any CPU.ActiveCfg = Debug|Any CPU
		{B620A8E9-5BA6-458D-B892-21F0398FF056}.Debug|Any CPU.Build.0 = Debug|Any CPU
		{B620A8E9-5BA6-458D-B892-21F0398FF056}.Release|Any CPU.ActiveCfg = Release|Any CPU
		{B620A8E9-5BA6-458D-B892-21F0398FF056}.Release|Any CPU.Build.0 = Release|Any CPU
		{E80097E3-2DEB-417F-9A41-13B0B1D4C5ED}.Debug|Any CPU.ActiveCfg = Debug|Any CPU
		{E80097E3-2DEB-417F-9A41-13B0B1D4C5ED}.Debug|Any CPU.Build.0 = Debug|Any CPU
		{E80097E3-2DEB-417F-9A41-13B0B1D4C5ED}.Release|Any CPU.ActiveCfg = Release|Any CPU
		{E80097E3-2DEB-417F-9A41-13B0B1D4C5ED}.Release|Any CPU.Build.0 = Release|Any CPU
		{54ADA53A-11F3-4EF0-BBDE-5EF4B03A0056}.Debug|Any CPU.ActiveCfg = Debug|Any CPU
		{54ADA53A-11F3-4EF0-BBDE-5EF4B03A0056}.Debug|Any CPU.Build.0 = Debug|Any CPU
		{54ADA53A-11F3-4EF0-BBDE-5EF4B03A0056}.Release|Any CPU.ActiveCfg = Release|Any CPU
		{54ADA53A-11F3-4EF0-BBDE-5EF4B03A0056}.Release|Any CPU.Build.0 = Release|Any CPU
		{15566EED-8617-4AA7-857D-99D3350B59AD}.Debug|Any CPU.ActiveCfg = Debug|Any CPU
		{15566EED-8617-4AA7-857D-99D3350B59AD}.Debug|Any CPU.Build.0 = Debug|Any CPU
		{15566EED-8617-4AA7-857D-99D3350B59AD}.Release|Any CPU.ActiveCfg = Release|Any CPU
		{15566EED-8617-4AA7-857D-99D3350B59AD}.Release|Any CPU.Build.0 = Release|Any CPU
		{0A4176F9-D7FB-4129-BACD-FF6534D60DE6}.Debug|Any CPU.ActiveCfg = Debug|Any CPU
		{0A4176F9-D7FB-4129-BACD-FF6534D60DE6}.Debug|Any CPU.Build.0 = Debug|Any CPU
		{0A4176F9-D7FB-4129-BACD-FF6534D60DE6}.Release|Any CPU.ActiveCfg = Release|Any CPU
		{0A4176F9-D7FB-4129-BACD-FF6534D60DE6}.Release|Any CPU.Build.0 = Release|Any CPU
		{1F2CF453-D564-4180-B1C8-2E573404CF8D}.Debug|Any CPU.ActiveCfg = Debug|Any CPU
		{1F2CF453-D564-4180-B1C8-2E573404CF8D}.Debug|Any CPU.Build.0 = Debug|Any CPU
		{1F2CF453-D564-4180-B1C8-2E573404CF8D}.Release|Any CPU.ActiveCfg = Release|Any CPU
		{1F2CF453-D564-4180-B1C8-2E573404CF8D}.Release|Any CPU.Build.0 = Release|Any CPU
		{5E030897-500E-4366-9950-392D6BC7D106}.Debug|Any CPU.ActiveCfg = Debug|Any CPU
		{5E030897-500E-4366-9950-392D6BC7D106}.Debug|Any CPU.Build.0 = Debug|Any CPU
		{5E030897-500E-4366-9950-392D6BC7D106}.Release|Any CPU.ActiveCfg = Release|Any CPU
		{5E030897-500E-4366-9950-392D6BC7D106}.Release|Any CPU.Build.0 = Release|Any CPU
		{94860274-7AFE-4649-A205-B503D6407A79}.Debug|Any CPU.ActiveCfg = Debug|Any CPU
		{94860274-7AFE-4649-A205-B503D6407A79}.Debug|Any CPU.Build.0 = Debug|Any CPU
		{94860274-7AFE-4649-A205-B503D6407A79}.Release|Any CPU.ActiveCfg = Release|Any CPU
		{94860274-7AFE-4649-A205-B503D6407A79}.Release|Any CPU.Build.0 = Release|Any CPU
	EndGlobalSection
	GlobalSection(SolutionProperties) = preSolution
		HideSolutionNode = FALSE
	EndGlobalSection
	GlobalSection(NestedProjects) = preSolution
		{B3A1E716-CA89-4338-87FA-75762400FF67} = {22334609-34BB-4571-8C42-ACE333EC978F}
		{6E96C5DD-4A3B-42EA-9AEB-82DBDA663592} = {E5F80E48-32FF-4589-9C30-0A390514271D}
		{CFD0EA7F-9F91-4FB6-A9C8-92466EA10380} = {22334609-34BB-4571-8C42-ACE333EC978F}
		{EA6C48D8-C98B-4983-A51D-331079850389} = {22334609-34BB-4571-8C42-ACE333EC978F}
		{BA853162-BA5D-4668-90EC-63BA40C3F1F9} = {22334609-34BB-4571-8C42-ACE333EC978F}
		{C0A7F3F8-7D8D-4FB8-BE82-0D510659B971} = {B6F1CF95-978A-40BD-9768-F1F6408824B8}
		{6171BD6D-B1E2-41D1-BF52-0C437A191181} = {22334609-34BB-4571-8C42-ACE333EC978F}
		{FF7B4BC9-C5F7-4906-820C-B6649E69CA0B} = {B6F1CF95-978A-40BD-9768-F1F6408824B8}
		{DD254DD3-E338-484F-A68A-CFF0A8E18963} = {F2224D90-EE63-419C-A2C4-EADD9794BA73}
		{B620A8E9-5BA6-458D-B892-21F0398FF056} = {4FFF06FA-F604-4942-BD6A-FF9D09FAEF56}
		{E80097E3-2DEB-417F-9A41-13B0B1D4C5ED} = {4FFF06FA-F604-4942-BD6A-FF9D09FAEF56}
		{54ADA53A-11F3-4EF0-BBDE-5EF4B03A0056} = {4FFF06FA-F604-4942-BD6A-FF9D09FAEF56}
		{15566EED-8617-4AA7-857D-99D3350B59AD} = {B6F1CF95-978A-40BD-9768-F1F6408824B8}
		{0A4176F9-D7FB-4129-BACD-FF6534D60DE6} = {B6F1CF95-978A-40BD-9768-F1F6408824B8}
		{1F2CF453-D564-4180-B1C8-2E573404CF8D} = {B6F1CF95-978A-40BD-9768-F1F6408824B8}
		{5E030897-500E-4366-9950-392D6BC7D106} = {B6F1CF95-978A-40BD-9768-F1F6408824B8}
		{94860274-7AFE-4649-A205-B503D6407A79} = {B6F1CF95-978A-40BD-9768-F1F6408824B8}
	EndGlobalSection
	GlobalSection(ExtensibilityGlobals) = postSolution
		SolutionGuid = {89372DF8-D918-4697-8CFC-5B71DCAFB4E2}
	EndGlobalSection
EndGlobal
